
Microsoft Visual Studio Solution File, Format Version 12.00
# Visual Studio Version 16
VisualStudioVersion = 16.0.32002.261
MinimumVisualStudioVersion = 10.0.40219.1
Project("{FAE04EC0-301F-11D3-BF4B-00C04F79EFBC}") = "MasterMES", "MasterMES\MasterMES.csproj", "{043AD82E-EF96-4CAA-A456-6BED8EC94B7D}"
EndProject
Project("{FAE04EC0-301F-11D3-BF4B-00C04F79EFBC}") = "DSLibrary", "DSLibrary\DSLibrary.csproj", "{5499CB3C-468A-475C-A72D-CB1E983063DF}"
EndProject
Global
	GlobalSection(SolutionConfigurationPlatforms) = preSolution
		Debug|Any CPU = Debug|Any CPU
		Debug|x86 = Debug|x86
		Release|Any CPU = Release|Any CPU
		Release|x86 = Release|x86
	EndGlobalSection
	GlobalSection(ProjectConfigurationPlatforms) = postSolution
		{043AD82E-EF96-4CAA-A456-6BED8EC94B7D}.Debug|Any CPU.ActiveCfg = Debug|Any CPU
		{043AD82E-EF96-4CAA-A456-6BED8EC94B7D}.Debug|Any CPU.Build.0 = Debug|Any CPU
		{043AD82E-EF96-4CAA-A456-6BED8EC94B7D}.Debug|x86.ActiveCfg = Debug|Any CPU
		{043AD82E-EF96-4CAA-A456-6BED8EC94B7D}.Debug|x86.Build.0 = Debug|Any CPU
		{043AD82E-EF96-4CAA-A456-6BED8EC94B7D}.Release|Any CPU.ActiveCfg = Release|Any CPU
		{043AD82E-EF96-4CAA-A456-6BED8EC94B7D}.Release|Any CPU.Build.0 = Release|Any CPU
		{043AD82E-EF96-4CAA-A456-6BED8EC94B7D}.Release|x86.ActiveCfg = Release|x86
		{043AD82E-EF96-4CAA-A456-6BED8EC94B7D}.Release|x86.Build.0 = Release|x86
		{5499CB3C-468A-475C-A72D-CB1E983063DF}.Debug|Any CPU.ActiveCfg = Debug|Any CPU
		{5499CB3C-468A-475C-A72D-CB1E983063DF}.Debug|Any CPU.Build.0 = Debug|Any CPU
		{5499CB3C-468A-475C-A72D-CB1E983063DF}.Debug|x86.ActiveCfg = Debug|Any CPU
		{5499CB3C-468A-475C-A72D-CB1E983063DF}.Debug|x86.Build.0 = Debug|Any CPU
		{5499CB3C-468A-475C-A72D-CB1E983063DF}.Release|Any CPU.ActiveCfg = Release|Any CPU
		{5499CB3C-468A-475C-A72D-CB1E983063DF}.Release|Any CPU.Build.0 = Release|Any CPU
		{5499CB3C-468A-475C-A72D-CB1E983063DF}.Release|x86.ActiveCfg = Release|Any CPU
		{5499CB3C-468A-475C-A72D-CB1E983063DF}.Release|x86.Build.0 = Release|Any CPU
	EndGlobalSection
	GlobalSection(SolutionProperties) = preSolution
		HideSolutionNode = FALSE
	EndGlobalSection
	GlobalSection(ExtensibilityGlobals) = postSolution
		SolutionGuid = {D9A776FE-6276-4DC0-AF44-40398FCB7538}
	EndGlobalSection
EndGlobal
